# generated by rye
# use `rye lock` or `rye sync` to update this lockfile
#
# last locked with the following flags:
#   pre: false
#   features: []
#   all-features: false
#   with-sources: false

-e file:.
aiobotocore==2.12.2
    # via s3fs
aiohttp==3.9.3
    # via aiobotocore
    # via s3fs
aioitertools==0.11.0
    # via aiobotocore
aiosignal==1.3.1
    # via aiohttp
attrs==23.2.0
    # via aiohttp
black==24.3.0
botocore==1.34.51
    # via aiobotocore
cfgv==3.4.0
    # via pre-commit
click==8.1.7
    # via black
    # via slackutils
distlib==0.3.8
    # via virtualenv
filelock==3.13.4
    # via virtualenv
flake8==7.0.0
frozenlist==1.4.1
    # via aiohttp
    # via aiosignal
fsspec==2024.3.1
    # via s3fs
identify==2.5.35
    # via pre-commit
idna==3.6
    # via yarl
iniconfig==2.0.0
    # via pytest
isort==5.13.2
jmespath==1.0.1
    # via botocore
mccabe==0.7.0
    # via flake8
multidict==6.0.5
    # via aiohttp
    # via yarl
mypy==1.9.0
mypy-extensions==1.0.0
    # via black
    # via mypy
nodeenv==1.8.0
    # via pre-commit
packaging==24.0
    # via black
    # via pytest
pathspec==0.12.1
    # via black
platformdirs==4.2.0
    # via black
    # via virtualenv
pluggy==1.4.0
    # via pytest
pre-commit==3.7.0
pycodestyle==2.11.1
    # via flake8
pyflakes==3.2.0
    # via flake8
pytest==8.1.1
python-dateutil==2.9.0.post0
    # via botocore
pyyaml==6.0.1
    # via pre-commit
s3fs==2024.3.1
    # via slackutils
setuptools==69.2.0
    # via nodeenv
six==1.16.0
    # via python-dateutil
slack-sdk==3.27.1
    # via slackutils
typing-extensions==4.11.0
    # via mypy
urllib3==2.0.7
    # via botocore
virtualenv==20.25.1
    # via pre-commit
wrapt==1.16.0
    # via aiobotocore
yarl==1.9.4
    # via aiohttp
